github.com/shotastage/GFileable v0.0.0-20190822083211-28935bee0adf h1:EzVAY2lB54re/g3ds7Uc9rY0VU2j1Es/CNai0FTtm44=
github.com/shotastage/GFileable v0.0.0-20190822083211-28935bee0adf/go.mod h1:ZJriT4WQ5vsALeic6/8jVB6oFNhv0gP8zCuVdSOplds=
github.com/shotastage/GFileable v0.0.0-20190822094226-a860274f0427 h1:T4t9eiZJS6tJeBeE4nS/0THr4uv95k6LhYfMNkyLDqY=
github.com/shotastage/GFileable v0.0.0-20190822094226-a860274f0427/go.mod h1:ZJriT4WQ5vsALeic6/8jVB6oFNhv0gP8zCuVdSOplds=
